[ "cowboy": {:git, "git://github.com/extend/cowboy.git", "9f33a20d9425daf7491836e73f503c206cc170be", []},
  "cowlib": {:git, "git://github.com/extend/cowlib.git", "63298e8e160031a70efff86a1acde7e7db1fcda6", [{:ref, "0.4.0"}]},
  "current_weather": {:git, "git://github.com/knewter/current_weather.git", "2074218de6fa6c1371db54e49036350e7244f923", []},
  "ecto": {:git, "git://github.com/elixir-lang/ecto.git", "f72701b9b08f9d85d3e4a68c1d11bf9be028702f", []},
  "exjson": {:git, "git://github.com/guedes/exjson.git", "0650689012055de7af3f9799af35ac5c6dd95138", []},
  "hackney": {:git, "git://github.com/benoitc/hackney.git", "6cb183bf437ba6e4c947a8eb99fde79ffec38d27", []},
  "mimetypes": {:git, "https://github.com/spawngrid/mimetypes.git", "47d37a977a7d633199822bf6b08353007483d00f", [{:ref, "master"}]},
  "plug": {:git, "git://github.com/elixir-lang/plug.git", "3ea4d6d2f64d1c0acce3281ad2f801255c610cfc", []},
  "poolboy": {:git, "git://github.com/devinus/poolboy.git", "c2c939b51aba06790ca51fa78b14c254a6ea977d", []},
  "postgrex": {:git, "git://github.com/ericmj/postgrex.git", "e60da6ee4b8e4c255431819bc41218a313ae4416", []},
  "ranch": {:git, "git://github.com/extend/ranch.git", "5df1f222f94e08abdcab7084f5e13027143cc222", [{:ref, "0.9.0"}]},
  "weber": {:git, "git://github.com/0xAX/weber.git", "0d5eb93a49b91bf660022c713ec04d2921875d4b", []} ]
